// !$*UTF8*$!
{
	archiveVersion = 1;
	classes = {
	};
	objectVersion = 50;
	objects = {

/* Begin PBXBuildFile section */
		6E0FF74B241910B70031601B /* AppDelegate.swift in Sources */ = {isa = PBXBuildFile; fileRef = 6E0FF74A241910B70031601B /* AppDelegate.swift */; };
		6E0FF74D241910B70031601B /* SceneDelegate.swift in Sources */ = {isa = PBXBuildFile; fileRef = 6E0FF74C241910B70031601B /* SceneDelegate.swift */; };
		6E0FF74F241910B70031601B /* MasterViewController.swift in Sources */ = {isa = PBXBuildFile; fileRef = 6E0FF74E241910B70031601B /* MasterViewController.swift */; };
		6E0FF751241910B70031601B /* DetailViewController.swift in Sources */ = {isa = PBXBuildFile; fileRef = 6E0FF750241910B70031601B /* DetailViewController.swift */; };
		6E0FF754241910B70031601B /* Main.storyboard in Resources */ = {isa = PBXBuildFile; fileRef = 6E0FF752241910B70031601B /* Main.storyboard */; };
		6E0FF756241910B80031601B /* Assets.xcassets in Resources */ = {isa = PBXBuildFile; fileRef = 6E0FF755241910B80031601B /* Assets.xcassets */; };
		6E0FF759241910B80031601B /* LaunchScreen.storyboard in Resources */ = {isa = PBXBuildFile; fileRef = 6E0FF757241910B80031601B /* LaunchScreen.storyboard */; };
/* End PBXBuildFile section */

/* Begin PBXFileReference section */
		6E0FF747241910B70031601B /* System Grouped Background Color.app */ = {isa = PBXFileReference; explicitFileType = wrapper.application; includeInIndex = 0; path = "System Grouped Background Color.app"; sourceTree = BUILT_PRODUCTS_DIR; };
		6E0FF74A241910B70031601B /* AppDelegate.swift */ = {isa = PBXFileReference; lastKnownFileType = sourcecode.swift; path = AppDelegate.swift; sourceTree = "<group>"; };
		6E0FF74C241910B70031601B /* SceneDelegate.swift */ = {isa = PBXFileReference; lastKnownFileType = sourcecode.swift; path = SceneDelegate.swift; sourceTree = "<group>"; };
		6E0FF74E241910B70031601B /* MasterViewController.swift */ = {isa = PBXFileReference; lastKnownFileType = sourcecode.swift; path = MasterViewController.swift; sourceTree = "<group>"; };
		6E0FF750241910B70031601B /* DetailViewController.swift */ = {isa = PBXFileReference; lastKnownFileType = sourcecode.swift; path = DetailViewController.swift; sourceTree = "<group>"; };
		6E0FF753241910B70031601B /* Base */ = {isa = PBXFileReference; lastKnownFileType = file.storyboard; name = Base; path = Base.lproj/Main.storyboard; sourceTree = "<group>"; };
		6E0FF755241910B80031601B /* Assets.xcassets */ = {isa = PBXFileReference; lastKnownFileType = folder.assetcatalog; path = Assets.xcassets; sourceTree = "<group>"; };
		6E0FF758241910B80031601B /* Base */ = {isa = PBXFileReference; lastKnownFileType = file.storyboard; name = Base; path = Base.lproj/LaunchScreen.storyboard; sourceTree = "<group>"; };
		6E0FF75A241910B80031601B /* Info.plist */ = {isa = PBXFileReference; lastKnownFileType = text.plist.xml; path = Info.plist; sourceTree = "<group>"; };
		6E0FF760241911070031601B /* System Grouped Background Color.entitlements */ = {isa = PBXFileReference; lastKnownFileType = text.plist.entitlements; path = "System Grouped Background Color.entitlements"; sourceTree = "<group>"; };
/* End PBXFileReference section */

/* Begin PBXFrameworksBuildPhase section */
		6E0FF744241910B70031601B /* Frameworks */ = {
			isa = PBXFrameworksBuildPhase;
			buildActionMask = 2147483647;
			files = (
			);
			runOnlyForDeploymentPostprocessing = 0;
		};
/* End PBXFrameworksBuildPhase section */

/* Begin PBXGroup section */
		6E0FF73E241910B70031601B = {
			isa = PBXGroup;
			children = (
				6E0FF749241910B70031601B /* System Grouped Background Color */,
				6E0FF748241910B70031601B /* Products */,
			);
			sourceTree = "<group>";
		};
		6E0FF748241910B70031601B /* Products */ = {
			isa = PBXGroup;
			children = (
				6E0FF747241910B70031601B /* System Grouped Background Color.app */,
			);
			name = Products;
			sourceTree = "<group>";
		};
		6E0FF749241910B70031601B /* System Grouped Background Color */ = {
			isa = PBXGroup;
			children = (
				6E0FF760241911070031601B /* System Grouped Background Color.entitlements */,
				6E0FF74A241910B70031601B /* AppDelegate.swift */,
				6E0FF74C241910B70031601B /* SceneDelegate.swift */,
				6E0FF74E241910B70031601B /* MasterViewController.swift */,
				6E0FF750241910B70031601B /* DetailViewController.swift */,
				6E0FF752241910B70031601B /* Main.storyboard */,
				6E0FF755241910B80031601B /* Assets.xcassets */,
				6E0FF757241910B80031601B /* LaunchScreen.storyboard */,
				6E0FF75A241910B80031601B /* Info.plist */,
			);
			path = "System Grouped Background Color";
			sourceTree = "<group>";
		};
/* End PBXGroup section */

/* Begin PBXNativeTarget section */
		6E0FF746241910B70031601B /* System Grouped Background Color */ = {
			isa = PBXNativeTarget;
			buildConfigurationList = 6E0FF75D241910B80031601B /* Build configuration list for PBXNativeTarget "System Grouped Background Color" */;
			buildPhases = (
				6E0FF743241910B70031601B /* Sources */,
				6E0FF744241910B70031601B /* Frameworks */,
				6E0FF745241910B70031601B /* Resources */,
			);
			buildRules = (
			);
			dependencies = (
			);
			name = "System Grouped Background Color";
			productName = "System Grouped Background Color";
			productReference = 6E0FF747241910B70031601B /* System Grouped Background Color.app */;
			productType = "com.apple.product-type.application";
		};
/* End PBXNativeTarget section */

/* Begin PBXProject section */
		6E0FF73F241910B70031601B /* Project object */ = {
			isa = PBXProject;
			attributes = {
				LastSwiftUpdateCheck = 1130;
				LastUpgradeCheck = 1130;
				ORGANIZATIONNAME = "Veringa Solutions";
				TargetAttributes = {
					6E0FF746241910B70031601B = {
						CreatedOnToolsVersion = 11.3.1;
					};
				};
			};
			buildConfigurationList = 6E0FF742241910B70031601B /* Build configuration list for PBXProject "System Grouped Background Color" */;
			compatibilityVersion = "Xcode 9.3";
			developmentRegion = en;
			hasScannedForEncodings = 0;
			knownRegions = (
				en,
				Base,
			);
			mainGroup = 6E0FF73E241910B70031601B;
			productRefGroup = 6E0FF748241910B70031601B /* Products */;
			projectDirPath = "";
			projectRoot = "";
			targets = (
				6E0FF746241910B70031601B /* System Grouped Background Color */,
			);
		};
/* End PBXProject section */

/* Begin PBXResourcesBuildPhase section */
		6E0FF745241910B70031601B /* Resources */ = {
			isa = PBXResourcesBuildPhase;
			buildActionMask = 2147483647;
			files = (
				6E0FF759241910B80031601B /* LaunchScreen.storyboard in Resources */,
				6E0FF756241910B80031601B /* Assets.xcassets in Resources */,
				6E0FF754241910B70031601B /* Main.storyboard in Resources */,
			);
			runOnlyForDeploymentPostprocessing = 0;
		};
/* End PBXResourcesBuildPhase section */

/* Begin PBXSourcesBuildPhase section */
		6E0FF743241910B70031601B /* Sources */ = {
			isa = PBXSourcesBuildPhase;
			buildActionMask = 2147483647;
			files = (
				6E0FF74B241910B70031601B /* AppDelegate.swift in Sources */,
				6E0FF74D241910B70031601B /* SceneDelegate.swift in Sources */,
				6E0FF74F241910B70031601B /* MasterViewController.swift in Sources */,
				6E0FF751241910B70031601B /* DetailViewController.swift in Sources */,
			);
			runOnlyForDeploymentPostprocessing = 0;
		};
/* End PBXSourcesBuildPhase section */

/* Begin PBXVariantGroup section */
		6E0FF752241910B70031601B /* Main.storyboard */ = {
			isa = PBXVariantGroup;
			children = (
				6E0FF753241910B70031601B /* Base */,
			);
			name = Main.storyboard;
			sourceTree = "<group>";
		};
		6E0FF757241910B80031601B /* LaunchScreen.storyboard */ = {
			isa = PBXVariantGroup;
			children = (
				6E0FF758241910B80031601B /* Base */,
			);
			name = LaunchScreen.storyboard;
			sourceTree = "<group>";
		};
/* End PBXVariantGroup section */

/* Begin XCBuildConfiguration section */
		6E0FF75B241910B80031601B /* Debug */ = {
			isa = XCBuildConfiguration;
			buildSettings = {
				ALWAYS_SEARCH_USER_PATHS = NO;
				CLANG_ANALYZER_NONNULL = YES;
				CLANG_ANALYZER_NUMBER_OBJECT_CONVERSION = YES_AGGRESSIVE;
				CLANG_CXX_LANGUAGE_STANDARD = "gnu++14";
				CLANG_CXX_LIBRARY = "libc++";
				CLANG_ENABLE_MODULES = YES;
				CLANG_ENABLE_OBJC_ARC = YES;
				CLANG_ENABLE_OBJC_WEAK = YES;
				CLANG_WARN_BLOCK_CAPTURE_AUTORELEASING = YES;
				CLANG_WARN_BOOL_CONVERSION = YES;
				CLANG_WARN_COMMA = YES;
				CLANG_WARN_CONSTANT_CONVERSION = YES;
				CLANG_WARN_DEPRECATED_OBJC_IMPLEMENTATIONS = YES;
				CLANG_WARN_DIRECT_OBJC_ISA_USAGE = YES_ERROR;
				CLANG_WARN_DOCUMENTATION_COMMENTS = YES;
				CLANG_WARN_EMPTY_BODY = YES;
				CLANG_WARN_ENUM_CONVERSION = YES;
				CLANG_WARN_INFINITE_RECURSION = YES;
				CLANG_WARN_INT_CONVERSION = YES;
				CLANG_WARN_NON_LITERAL_NULL_CONVERSION = YES;
				CLANG_WARN_OBJC_IMPLICIT_RETAIN_SELF = YES;
				CLANG_WARN_OBJC_LITERAL_CONVERSION = YES;
				CLANG_WARN_OBJC_ROOT_CLASS = YES_ERROR;
				CLANG_WARN_RANGE_LOOP_ANALYSIS = YES;
				CLANG_WARN_STRICT_PROTOTYPES = YES;
				CLANG_WARN_SUSPICIOUS_MOVE = YES;
				CLANG_WARN_UNGUARDED_AVAILABILITY = YES_AGGRESSIVE;
				CLANG_WARN_UNREACHABLE_CODE = YES;
				CLANG_WARN__DUPLICATE_METHOD_MATCH = YES;
				COPY_PHASE_STRIP = NO;
				DEBUG_INFORMATION_FORMAT = dwarf;
				ENABLE_STRICT_OBJC_MSGSEND = YES;
				ENABLE_TESTABILITY = YES;
				GCC_C_LANGUAGE_STANDARD = gnu11;
				GCC_DYNAMIC_NO_PIC = NO;
				GCC_NO_COMMON_BLOCKS = YES;
				GCC_OPTIMIZATION_LEVEL = 0;
				GCC_PREPROCESSOR_DEFINITIONS = (
					"DEBUG=1",
					"$(inherited)",
				);
				GCC_WARN_64_TO_32_BIT_CONVERSION = YES;
				GCC_WARN_ABOUT_RETURN_TYPE = YES_ERROR;
				GCC_WARN_UNDECLARED_SELECTOR = YES;
				GCC_WARN_UNINITIALIZED_AUTOS = YES_AGGRESSIVE;
				GCC_WARN_UNUSED_FUNCTION = YES;
				GCC_WARN_UNUSED_VARIABLE = YES;
				IPHONEOS_DEPLOYMENT_TARGET = 13.2;
				MTL_ENABLE_DEBUG_INFO = INCLUDE_SOURCE;
				MTL_FAST_MATH = YES;
				ONLY_ACTIVE_ARCH = YES;
				SDKROOT = iphoneos;
				SWIFT_ACTIVE_COMPILATION_CONDITIONS = DEBUG;
				SWIFT_OPTIMIZATION_LEVEL = "-Onone";
			};
			name = Debug;
		};
		6E0FF75C241910B80031601B /* Release */ = {
			isa = XCBuildConfiguration;
			buildSettings = {
				ALWAYS_SEARCH_USER_PATHS = NO;
				CLANG_ANALYZER_NONNULL = YES;
				CLANG_ANALYZER_NUMBER_OBJECT_CONVERSION = YES_AGGRESSIVE;
				CLANG_CXX_LANGUAGE_STANDARD = "gnu++14";
				CLANG_CXX_LIBRARY = "libc++";
				CLANG_ENABLE_MODULES = YES;
				CLANG_ENABLE_OBJC_ARC = YES;
				CLANG_ENABLE_OBJC_WEAK = YES;
				CLANG_WARN_BLOCK_CAPTURE_AUTORELEASING = YES;
				CLANG_WARN_BOOL_CONVERSION = YES;
				CLANG_WARN_COMMA = YES;
				CLANG_WARN_CONSTANT_CONVERSION = YES;
				CLANG_WARN_DEPRECATED_OBJC_IMPLEMENTATIONS = YES;
				CLANG_WARN_DIRECT_OBJC_ISA_USAGE = YES_ERROR;
				CLANG_WARN_DOCUMENTATION_COMMENTS = YES;
				CLANG_WARN_EMPTY_BODY = YES;
				CLANG_WARN_ENUM_CONVERSION = YES;
				CLANG_WARN_INFINITE_RECURSION = YES;
				CLANG_WARN_INT_CONVERSION = YES;
				CLANG_WARN_NON_LITERAL_NULL_CONVERSION = YES;
				CLANG_WARN_OBJC_IMPLICIT_RETAIN_SELF = YES;
				CLANG_WARN_OBJC_LITERAL_CONVERSION = YES;
				CLANG_WARN_OBJC_ROOT_CLASS = YES_ERROR;
				CLANG_WARN_RANGE_LOOP_ANALYSIS = YES;
				CLANG_WARN_STRICT_PROTOTYPES = YES;
				CLANG_WARN_SUSPICIOUS_MOVE = YES;
				CLANG_WARN_UNGUARDED_AVAILABILITY = YES_AGGRESSIVE;
				CLANG_WARN_UNREACHABLE_CODE = YES;
				CLANG_WARN__DUPLICATE_METHOD_MATCH = YES;
				COPY_PHASE_STRIP = NO;
				DEBUG_INFORMATION_FORMAT = "dwarf-with-dsym";
				ENABLE_NS_ASSERTIONS = NO;
				ENABLE_STRICT_OBJC_MSGSEND = YES;
				GCC_C_LANGUAGE_STANDARD = gnu11;
				GCC_NO_COMMON_BLOCKS = YES;
				GCC_WARN_64_TO_32_BIT_CONVERSION = YES;
				GCC_WARN_ABOUT_RETURN_TYPE = YES_ERROR;
				GCC_WARN_UNDECLARED_SELECTOR = YES;
				GCC_WARN_UNINITIALIZED_AUTOS = YES_AGGRESSIVE;
				GCC_WARN_UNUSED_FUNCTION = YES;
				GCC_WARN_UNUSED_VARIABLE = YES;
				IPHONEOS_DEPLOYMENT_TARGET = 13.2;
				MTL_ENABLE_DEBUG_INFO = NO;
				MTL_FAST_MATH = YES;
				SDKROOT = iphoneos;
				SWIFT_COMPILATION_MODE = wholemodule;
				SWIFT_OPTIMIZATION_LEVEL = "-O";
				VALIDATE_PRODUCT = YES;
			};
			name = Release;
		};
		6E0FF75E241910B80031601B /* Debug */ = {
			isa = XCBuildConfiguration;
			buildSettings = {
				ASSETCATALOG_COMPILER_APPICON_NAME = AppIcon;
				CODE_SIGN_ENTITLEMENTS = "System Grouped Background Color/System Grouped Background Color.entitlements";
				CODE_SIGN_STYLE = Automatic;
				DERIVE_MACCATALYST_PRODUCT_BUNDLE_IDENTIFIER = YES;
				DEVELOPMENT_TEAM = G6D3V3UXP6;
				INFOPLIST_FILE = "System Grouped Background Color/Info.plist";
				LD_RUNPATH_SEARCH_PATHS = (
					"$(inherited)",
					"@executable_path/Frameworks",
				);
				PRODUCT_BUNDLE_IDENTIFIER = "com.versol.test.System-Grouped-Background-Color";
				PRODUCT_NAME = "$(TARGET_NAME)";
				SUPPORTS_MACCATALYST = YES;
				SWIFT_VERSION = 5.0;
				TARGETED_DEVICE_FAMILY = "1,2";
			};
			name = Debug;
		};
		6E0FF75F241910B80031601B /* Release */ = {
			isa = XCBuildConfiguration;
			buildSettings = {
				ASSETCATALOG_COMPILER_APPICON_NAME = AppIcon;
				CODE_SIGN_ENTITLEMENTS = "System Grouped Background Color/System Grouped Background Color.entitlements";
				CODE_SIGN_STYLE = Automatic;
				DERIVE_MACCATALYST_PRODUCT_BUNDLE_IDENTIFIER = YES;
				DEVELOPMENT_TEAM = G6D3V3UXP6;
				INFOPLIST_FILE = "System Grouped Background Color/Info.plist";
				LD_RUNPATH_SEARCH_PATHS = (
					"$(inherited)",
					"@executable_path/Frameworks",
				);
				PRODUCT_BUNDLE_IDENTIFIER = "com.versol.test.System-Grouped-Background-Color";
				PRODUCT_NAME = "$(TARGET_NAME)";
				SUPPORTS_MACCATALYST = YES;
				SWIFT_VERSION = 5.0;
				TARGETED_DEVICE_FAMILY = "1,2";
			};
			name = Release;
		};
/* End XCBuildConfiguration section */

/* Begin XCConfigurationList section */
		6E0FF742241910B70031601B /* Build configuration list for PBXProject "System Grouped Background Color" */ = {
			isa = XCConfigurationList;
			buildConfigurations = (
				6E0FF75B241910B80031601B /* Debug */,
				6E0FF75C241910B80031601B /* Release */,
			);
			defaultConfigurationIsVisible = 0;
			defaultConfigurationName = Release;
		};
		6E0FF75D241910B80031601B /* Build configuration list for PBXNativeTarget "System Grouped Background Color" */ = {
			isa = XCConfigurationList;
			buildConfigurations = (
				6E0FF75E241910B80031601B /* Debug */,
				6E0FF75F241910B80031601B /* Release */,
			);
			defaultConfigurationIsVisible = 0;
			defaultConfigurationName = Release;
		};
/* End XCConfigurationList section */
	};
	rootObject = 6E0FF73F241910B70031601B /* Project object */;
}
